
Microsoft Visual Studio Solution File, Format Version 12.00
# Visual Studio Version 17
VisualStudioVersion = 17.4.33103.184
MinimumVisualStudioVersion = 10.0.40219.1
Project("{FAE04EC0-301F-11D3-BF4B-00C04F79EFBC}") = "Problem 1. ListyIterator", "Problem 1. ListyIterator\Problem 1. ListyIterator.csproj", "{6734E9B1-5FF9-42F4-A199-6E01BC393E00}"
EndProject
Project("{9A19103F-16F7-4668-BE54-9A1E7A4F7556}") = "Problem 2. Collection", "Problem 2. Collection\Problem 2. Collection.csproj", "{A475A3BE-6BD2-4185-9DE8-83C7BA387FDE}"
EndProject
Project("{9A19103F-16F7-4668-BE54-9A1E7A4F7556}") = "Problem 3. Stack", "Problem 3. Stack\Problem 3. Stack.csproj", "{DD74F604-49EF-4778-ADFE-A9AFCBD2E16D}"
EndProject
Project("{9A19103F-16F7-4668-BE54-9A1E7A4F7556}") = "Problem 4. Froggy", "Problem 4. Froggy\Problem 4. Froggy.csproj", "{D162097A-61C1-44B7-832A-2D48B7982249}"
EndProject
Project("{FAE04EC0-301F-11D3-BF4B-00C04F79EFBC}") = "Problem 5. Comparing", "Problem 5. Comparing\Problem 5. Comparing.csproj", "{BB30499A-7371-41EB-A5A0-1C627F4BE85F}"
EndProject
Project("{FAE04EC0-301F-11D3-BF4B-00C04F79EFBC}") = "Problem 6. Strategy Pattern", "Problem 6. Strategy Pattern\Problem 6. Strategy Pattern.csproj", "{0CA572EF-C48D-4905-A46B-B22AC9D5B1E4}"
EndProject
Project("{FAE04EC0-301F-11D3-BF4B-00C04F79EFBC}") = "Problem 7. Equality Logic", "Problem 7. Equality Logic\Problem 7. Equality Logic.csproj", "{DC82BDA5-1375-43DD-9703-83514A344E0F}"
EndProject
Project("{FAE04EC0-301F-11D3-BF4B-00C04F79EFBC}") = "Problem 8.  Pet Clinics", "Problem 8.  Pet Clinics\Problem 8.  Pet Clinics.csproj", "{5A564FFF-96B0-438E-AFDC-B0616F633676}"
EndProject
Global
	GlobalSection(SolutionConfigurationPlatforms) = preSolution
		Debug|Any CPU = Debug|Any CPU
		Release|Any CPU = Release|Any CPU
	EndGlobalSection
	GlobalSection(ProjectConfigurationPlatforms) = postSolution
		{6734E9B1-5FF9-42F4-A199-6E01BC393E00}.Debug|Any CPU.ActiveCfg = Debug|Any CPU
		{6734E9B1-5FF9-42F4-A199-6E01BC393E00}.Debug|Any CPU.Build.0 = Debug|Any CPU
		{6734E9B1-5FF9-42F4-A199-6E01BC393E00}.Release|Any CPU.ActiveCfg = Release|Any CPU
		{6734E9B1-5FF9-42F4-A199-6E01BC393E00}.Release|Any CPU.Build.0 = Release|Any CPU
		{A475A3BE-6BD2-4185-9DE8-83C7BA387FDE}.Debug|Any CPU.ActiveCfg = Debug|Any CPU
		{A475A3BE-6BD2-4185-9DE8-83C7BA387FDE}.Debug|Any CPU.Build.0 = Debug|Any CPU
		{A475A3BE-6BD2-4185-9DE8-83C7BA387FDE}.Release|Any CPU.ActiveCfg = Release|Any CPU
		{A475A3BE-6BD2-4185-9DE8-83C7BA387FDE}.Release|Any CPU.Build.0 = Release|Any CPU
		{DD74F604-49EF-4778-ADFE-A9AFCBD2E16D}.Debug|Any CPU.ActiveCfg = Debug|Any CPU
		{DD74F604-49EF-4778-ADFE-A9AFCBD2E16D}.Debug|Any CPU.Build.0 = Debug|Any CPU
		{DD74F604-49EF-4778-ADFE-A9AFCBD2E16D}.Release|Any CPU.ActiveCfg = Release|Any CPU
		{DD74F604-49EF-4778-ADFE-A9AFCBD2E16D}.Release|Any CPU.Build.0 = Release|Any CPU
		{D162097A-61C1-44B7-832A-2D48B7982249}.Debug|Any CPU.ActiveCfg = Debug|Any CPU
		{D162097A-61C1-44B7-832A-2D48B7982249}.Debug|Any CPU.Build.0 = Debug|Any CPU
		{D162097A-61C1-44B7-832A-2D48B7982249}.Release|Any CPU.ActiveCfg = Release|Any CPU
		{D162097A-61C1-44B7-832A-2D48B7982249}.Release|Any CPU.Build.0 = Release|Any CPU
		{BB30499A-7371-41EB-A5A0-1C627F4BE85F}.Debug|Any CPU.ActiveCfg = Debug|Any CPU
		{BB30499A-7371-41EB-A5A0-1C627F4BE85F}.Debug|Any CPU.Build.0 = Debug|Any CPU
		{BB30499A-7371-41EB-A5A0-1C627F4BE85F}.Release|Any CPU.ActiveCfg = Release|Any CPU
		{BB30499A-7371-41EB-A5A0-1C627F4BE85F}.Release|Any CPU.Build.0 = Release|Any CPU
		{0CA572EF-C48D-4905-A46B-B22AC9D5B1E4}.Debug|Any CPU.ActiveCfg = Debug|Any CPU
		{0CA572EF-C48D-4905-A46B-B22AC9D5B1E4}.Debug|Any CPU.Build.0 = Debug|Any CPU
		{0CA572EF-C48D-4905-A46B-B22AC9D5B1E4}.Release|Any CPU.ActiveCfg = Release|Any CPU
		{0CA572EF-C48D-4905-A46B-B22AC9D5B1E4}.Release|Any CPU.Build.0 = Release|Any CPU
		{DC82BDA5-1375-43DD-9703-83514A344E0F}.Debug|Any CPU.ActiveCfg = Debug|Any CPU
		{DC82BDA5-1375-43DD-9703-83514A344E0F}.Debug|Any CPU.Build.0 = Debug|Any CPU
		{DC82BDA5-1375-43DD-9703-83514A344E0F}.Release|Any CPU.ActiveCfg = Release|Any CPU
		{DC82BDA5-1375-43DD-9703-83514A344E0F}.Release|Any CPU.Build.0 = Release|Any CPU
		{5A564FFF-96B0-438E-AFDC-B0616F633676}.Debug|Any CPU.ActiveCfg = Debug|Any CPU
		{5A564FFF-96B0-438E-AFDC-B0616F633676}.Debug|Any CPU.Build.0 = Debug|Any CPU
		{5A564FFF-96B0-438E-AFDC-B0616F633676}.Release|Any CPU.ActiveCfg = Release|Any CPU
		{5A564FFF-96B0-438E-AFDC-B0616F633676}.Release|Any CPU.Build.0 = Release|Any CPU
	EndGlobalSection
	GlobalSection(SolutionProperties) = preSolution
		HideSolutionNode = FALSE
	EndGlobalSection
	GlobalSection(ExtensibilityGlobals) = postSolution
		SolutionGuid = {BA1834C6-327F-4FE8-A1F4-AC9C960581DE}
	EndGlobalSection
EndGlobal
